
Microsoft Visual Studio Solution File, Format Version 12.00
# Visual Studio Version 16
VisualStudioVersion = 16.0.30413.136
MinimumVisualStudioVersion = 10.0.40219.1
Project("{FAE04EC0-301F-11D3-BF4B-00C04F79EFBC}") = "4324", "4324\4324.csproj", "{09B77E66-6F82-4637-872E-5B975FCCD9AC}"
EndProject
Global
	GlobalSection(SolutionConfigurationPlatforms) = preSolution
		Debug|Any CPU = Debug|Any CPU
		Release|Any CPU = Release|Any CPU
	EndGlobalSection
	GlobalSection(ProjectConfigurationPlatforms) = postSolution
		{09B77E66-6F82-4637-872E-5B975FCCD9AC}.Debug|Any CPU.ActiveCfg = Debug|Any CPU
		{09B77E66-6F82-4637-872E-5B975FCCD9AC}.Debug|Any CPU.Build.0 = Debug|Any CPU
		{09B77E66-6F82-4637-872E-5B975FCCD9AC}.Release|Any CPU.ActiveCfg = Release|Any CPU
		{09B77E66-6F82-4637-872E-5B975FCCD9AC}.Release|Any CPU.Build.0 = Release|Any CPU
	EndGlobalSection
	GlobalSection(SolutionProperties) = preSolution
		HideSolutionNode = FALSE
	EndGlobalSection
	GlobalSection(ExtensibilityGlobals) = postSolution
		SolutionGuid = {B0368638-82E9-4947-8CC1-2EC2F3851FEF}
	EndGlobalSection
EndGlobal
